
Microsoft Visual Studio Solution File, Format Version 12.00
# Visual Studio Version 17
VisualStudioVersion = 17.0.31903.59
MinimumVisualStudioVersion = 10.0.40219.1
Project("{2150E333-8FDC-42A3-9474-1A3956D46DE8}") = "src", "src", "{F71AD2C5-E320-4BBB-96A0-10313B872EC7}"
EndProject
Project("{FAE04EC0-301F-11D3-BF4B-00C04F79EFBC}") = "FuzzySearchApi", "FuzzySearchApi\FuzzySearchApi.csproj", "{AED52CA3-ACEA-43FF-9EB6-AEF224547442}"
EndProject
Global
	GlobalSection(SolutionConfigurationPlatforms) = preSolution
		Debug|Any CPU = Debug|Any CPU
		Release|Any CPU = Release|Any CPU
	EndGlobalSection
	GlobalSection(ProjectConfigurationPlatforms) = postSolution
		{AED52CA3-ACEA-43FF-9EB6-AEF224547442}.Debug|Any CPU.ActiveCfg = Debug|Any CPU
		{AED52CA3-ACEA-43FF-9EB6-AEF224547442}.Debug|Any CPU.Build.0 = Debug|Any CPU
		{AED52CA3-ACEA-43FF-9EB6-AEF224547442}.Release|Any CPU.ActiveCfg = Release|Any CPU
		{AED52CA3-ACEA-43FF-9EB6-AEF224547442}.Release|Any CPU.Build.0 = Release|Any CPU
	EndGlobalSection
	GlobalSection(SolutionProperties) = preSolution
		HideSolutionNode = FALSE
	EndGlobalSection
	GlobalSection(NestedProjects) = preSolution
		{AED52CA3-ACEA-43FF-9EB6-AEF224547442} = {F71AD2C5-E320-4BBB-96A0-10313B872EC7}
	EndGlobalSection
	GlobalSection(ExtensibilityGlobals) = postSolution
		SolutionGuid = {ED8ACF72-0E66-4028-9063-D9935652D665}
	EndGlobalSection
EndGlobal
